
Microsoft Visual Studio Solution File, Format Version 12.00
# Visual Studio Version 17
VisualStudioVersion = 17.11.35327.3
MinimumVisualStudioVersion = 10.0.40219.1
Project("{FAE04EC0-301F-11D3-BF4B-00C04F79EFBC}") = "GithubTest", "GithubTest.csproj", "{225F9A9B-9F56-41B3-94F0-1CF993C0DE22}"
EndProject
Global
	GlobalSection(SolutionConfigurationPlatforms) = preSolution
		Debug|Any CPU = Debug|Any CPU
		Release|Any CPU = Release|Any CPU
	EndGlobalSection
	GlobalSection(ProjectConfigurationPlatforms) = postSolution
		{225F9A9B-9F56-41B3-94F0-1CF993C0DE22}.Debug|Any CPU.ActiveCfg = Debug|Any CPU
		{225F9A9B-9F56-41B3-94F0-1CF993C0DE22}.Debug|Any CPU.Build.0 = Debug|Any CPU
		{225F9A9B-9F56-41B3-94F0-1CF993C0DE22}.Release|Any CPU.ActiveCfg = Release|Any CPU
		{225F9A9B-9F56-41B3-94F0-1CF993C0DE22}.Release|Any CPU.Build.0 = Release|Any CPU
	EndGlobalSection
	GlobalSection(SolutionProperties) = preSolution
		HideSolutionNode = FALSE
	EndGlobalSection
	GlobalSection(ExtensibilityGlobals) = postSolution
		SolutionGuid = {E8DD82E6-783E-4805-BD33-3B00227132C3}
	EndGlobalSection
EndGlobal
